// !$*UTF8*$!
{
	archiveVersion = 1;
	classes = {
	};
	objectVersion = 46;
	objects = {

/* Begin PBXBuildFile section */
		7A4D27DE1A6DA2440015FC71 /* AddTaskViewController.swift in Sources */ = {isa = PBXBuildFile; fileRef = 7A4D27DD1A6DA2440015FC71 /* AddTaskViewController.swift */; };
		7A4D27E01A6DA5410015FC71 /* TaskDetailViewController.swift in Sources */ = {isa = PBXBuildFile; fileRef = 7A4D27DF1A6DA5410015FC71 /* TaskDetailViewController.swift */; };
		A1C4FC4C1A68FF03009A9502 /* AppDelegate.swift in Sources */ = {isa = PBXBuildFile; fileRef = A1C4FC4B1A68FF03009A9502 /* AppDelegate.swift */; };
		A1C4FC4E1A68FF03009A9502 /* ViewController.swift in Sources */ = {isa = PBXBuildFile; fileRef = A1C4FC4D1A68FF03009A9502 /* ViewController.swift */; };
		A1C4FC511A68FF03009A9502 /* Main.storyboard in Resources */ = {isa = PBXBuildFile; fileRef = A1C4FC4F1A68FF03009A9502 /* Main.storyboard */; };
		A1C4FC531A68FF03009A9502 /* Images.xcassets in Resources */ = {isa = PBXBuildFile; fileRef = A1C4FC521A68FF03009A9502 /* Images.xcassets */; };
		A1C4FC561A68FF03009A9502 /* LaunchScreen.xib in Resources */ = {isa = PBXBuildFile; fileRef = A1C4FC541A68FF03009A9502 /* LaunchScreen.xib */; };
		A1C4FC621A68FF03009A9502 /* TsskItTests.swift in Sources */ = {isa = PBXBuildFile; fileRef = A1C4FC611A68FF03009A9502 /* TsskItTests.swift */; };
		A1C4FC6C1A6904C4009A9502 /* TaskCell.swift in Sources */ = {isa = PBXBuildFile; fileRef = A1C4FC6B1A6904C4009A9502 /* TaskCell.swift */; };
		A1C4FC6E1A6E4811009A9502 /* Date.swift in Sources */ = {isa = PBXBuildFile; fileRef = A1C4FC6D1A6E4811009A9502 /* Date.swift */; };
		A1C4FC701A70EF73009A9502 /* CoreData.framework in Frameworks */ = {isa = PBXBuildFile; fileRef = A1C4FC6F1A70EF73009A9502 /* CoreData.framework */; };
		A1C54E9E1A9F0D3B0003C995 /* SettingsViewController.swift in Sources */ = {isa = PBXBuildFile; fileRef = A1C54E9D1A9F0D3B0003C995 /* SettingsViewController.swift */; };
		A1DFCE851A723A2B00AE0A72 /* TaskitModel.xcdatamodeld in Sources */ = {isa = PBXBuildFile; fileRef = A1DFCE831A723A2B00AE0A72 /* TaskitModel.xcdatamodeld */; };
		A1DFCE871A723B5300AE0A72 /* TaskModel.swift in Sources */ = {isa = PBXBuildFile; fileRef = A1DFCE861A723B5300AE0A72 /* TaskModel.swift */; };
/* End PBXBuildFile section */

/* Begin PBXContainerItemProxy section */
		A1C4FC5C1A68FF03009A9502 /* PBXContainerItemProxy */ = {
			isa = PBXContainerItemProxy;
			containerPortal = A1C4FC3E1A68FF02009A9502 /* Project object */;
			proxyType = 1;
			remoteGlobalIDString = A1C4FC451A68FF03009A9502;
			remoteInfo = TsskIt;
		};
/* End PBXContainerItemProxy section */

/* Begin PBXFileReference section */
		7A4D27DD1A6DA2440015FC71 /* AddTaskViewController.swift */ = {isa = PBXFileReference; fileEncoding = 4; lastKnownFileType = sourcecode.swift; path = AddTaskViewController.swift; sourceTree = "<group>"; };
		7A4D27DF1A6DA5410015FC71 /* TaskDetailViewController.swift */ = {isa = PBXFileReference; fileEncoding = 4; lastKnownFileType = sourcecode.swift; path = TaskDetailViewController.swift; sourceTree = "<group>"; };
		A1C4FC461A68FF03009A9502 /* TsskIt.app */ = {isa = PBXFileReference; explicitFileType = wrapper.application; includeInIndex = 0; path = TsskIt.app; sourceTree = BUILT_PRODUCTS_DIR; };
		A1C4FC4A1A68FF03009A9502 /* Info.plist */ = {isa = PBXFileReference; lastKnownFileType = text.plist.xml; path = Info.plist; sourceTree = "<group>"; };
		A1C4FC4B1A68FF03009A9502 /* AppDelegate.swift */ = {isa = PBXFileReference; lastKnownFileType = sourcecode.swift; path = AppDelegate.swift; sourceTree = "<group>"; };
		A1C4FC4D1A68FF03009A9502 /* ViewController.swift */ = {isa = PBXFileReference; lastKnownFileType = sourcecode.swift; path = ViewController.swift; sourceTree = "<group>"; };
		A1C4FC501A68FF03009A9502 /* Base */ = {isa = PBXFileReference; lastKnownFileType = file.storyboard; name = Base; path = Base.lproj/Main.storyboard; sourceTree = "<group>"; };
		A1C4FC521A68FF03009A9502 /* Images.xcassets */ = {isa = PBXFileReference; lastKnownFileType = folder.assetcatalog; path = Images.xcassets; sourceTree = "<group>"; };
		A1C4FC551A68FF03009A9502 /* Base */ = {isa = PBXFileReference; lastKnownFileType = file.xib; name = Base; path = Base.lproj/LaunchScreen.xib; sourceTree = "<group>"; };
		A1C4FC5B1A68FF03009A9502 /* TsskItTests.xctest */ = {isa = PBXFileReference; explicitFileType = wrapper.cfbundle; includeInIndex = 0; path = TsskItTests.xctest; sourceTree = BUILT_PRODUCTS_DIR; };
		A1C4FC601A68FF03009A9502 /* Info.plist */ = {isa = PBXFileReference; lastKnownFileType = text.plist.xml; path = Info.plist; sourceTree = "<group>"; };
		A1C4FC611A68FF03009A9502 /* TsskItTests.swift */ = {isa = PBXFileReference; lastKnownFileType = sourcecode.swift; path = TsskItTests.swift; sourceTree = "<group>"; };
		A1C4FC6B1A6904C4009A9502 /* TaskCell.swift */ = {isa = PBXFileReference; fileEncoding = 4; lastKnownFileType = sourcecode.swift; path = TaskCell.swift; sourceTree = "<group>"; };
		A1C4FC6D1A6E4811009A9502 /* Date.swift */ = {isa = PBXFileReference; fileEncoding = 4; lastKnownFileType = sourcecode.swift; path = Date.swift; sourceTree = "<group>"; };
		A1C4FC6F1A70EF73009A9502 /* CoreData.framework */ = {isa = PBXFileReference; lastKnownFileType = wrapper.framework; name = CoreData.framework; path = System/Library/Frameworks/CoreData.framework; sourceTree = SDKROOT; };
		A1C54E9D1A9F0D3B0003C995 /* SettingsViewController.swift */ = {isa = PBXFileReference; fileEncoding = 4; lastKnownFileType = sourcecode.swift; path = SettingsViewController.swift; sourceTree = "<group>"; };
		A1DFCE841A723A2B00AE0A72 /* TaskitModel.xcdatamodel */ = {isa = PBXFileReference; lastKnownFileType = wrapper.xcdatamodel; path = TaskitModel.xcdatamodel; sourceTree = "<group>"; };
		A1DFCE861A723B5300AE0A72 /* TaskModel.swift */ = {isa = PBXFileReference; fileEncoding = 4; lastKnownFileType = sourcecode.swift; path = TaskModel.swift; sourceTree = "<group>"; };
/* End PBXFileReference section */

/* Begin PBXFrameworksBuildPhase section */
		A1C4FC431A68FF03009A9502 /* Frameworks */ = {
			isa = PBXFrameworksBuildPhase;
			buildActionMask = 2147483647;
			files = (
				A1C4FC701A70EF73009A9502 /* CoreData.framework in Frameworks */,
			);
			runOnlyForDeploymentPostprocessing = 0;
		};
		A1C4FC581A68FF03009A9502 /* Frameworks */ = {
			isa = PBXFrameworksBuildPhase;
			buildActionMask = 2147483647;
			files = (
			);
			runOnlyForDeploymentPostprocessing = 0;
		};
/* End PBXFrameworksBuildPhase section */

/* Begin PBXGroup section */
		A1C4FC3D1A68FF02009A9502 = {
			isa = PBXGroup;
			children = (
				A1C4FC481A68FF03009A9502 /* TsskIt */,
				A1C4FC471A68FF03009A9502 /* Products */,
			);
			sourceTree = "<group>";
		};
		A1C4FC471A68FF03009A9502 /* Products */ = {
			isa = PBXGroup;
			children = (
				A1C4FC461A68FF03009A9502 /* TsskIt.app */,
				A1C4FC5B1A68FF03009A9502 /* TsskItTests.xctest */,
			);
			name = Products;
			sourceTree = "<group>";
		};
		A1C4FC481A68FF03009A9502 /* TsskIt */ = {
			isa = PBXGroup;
			children = (
				A1C4FC4F1A68FF03009A9502 /* Main.storyboard */,
				A1C4FC4D1A68FF03009A9502 /* ViewController.swift */,
				A1DFCE861A723B5300AE0A72 /* TaskModel.swift */,
				7A4D27DF1A6DA5410015FC71 /* TaskDetailViewController.swift */,
				7A4D27DD1A6DA2440015FC71 /* AddTaskViewController.swift */,
				A1C54E9D1A9F0D3B0003C995 /* SettingsViewController.swift */,
				A1C4FC5E1A68FF03009A9502 /* TsskItTests */,
				A1C4FC521A68FF03009A9502 /* Images.xcassets */,
				A1C4FC541A68FF03009A9502 /* LaunchScreen.xib */,
				A1C4FC6B1A6904C4009A9502 /* TaskCell.swift */,
				A1C4FC491A68FF03009A9502 /* Supporting Files */,
				A1C4FC6D1A6E4811009A9502 /* Date.swift */,
			);
			path = TsskIt;
			sourceTree = "<group>";
		};
		A1C4FC491A68FF03009A9502 /* Supporting Files */ = {
			isa = PBXGroup;
			children = (
				A1DFCE831A723A2B00AE0A72 /* TaskitModel.xcdatamodeld */,
				A1C4FC4B1A68FF03009A9502 /* AppDelegate.swift */,
				A1C4FC6F1A70EF73009A9502 /* CoreData.framework */,
				A1C4FC4A1A68FF03009A9502 /* Info.plist */,
			);
			name = "Supporting Files";
			sourceTree = "<group>";
		};
		A1C4FC5E1A68FF03009A9502 /* TsskItTests */ = {
			isa = PBXGroup;
			children = (
				A1C4FC611A68FF03009A9502 /* TsskItTests.swift */,
				A1C4FC5F1A68FF03009A9502 /* Supporting Files */,
			);
			path = TsskItTests;
			sourceTree = SOURCE_ROOT;
		};
		A1C4FC5F1A68FF03009A9502 /* Supporting Files */ = {
			isa = PBXGroup;
			children = (
				A1C4FC601A68FF03009A9502 /* Info.plist */,
			);
			name = "Supporting Files";
			sourceTree = "<group>";
		};
/* End PBXGroup section */

/* Begin PBXNativeTarget section */
		A1C4FC451A68FF03009A9502 /* TsskIt */ = {
			isa = PBXNativeTarget;
			buildConfigurationList = A1C4FC651A68FF03009A9502 /* Build configuration list for PBXNativeTarget "TsskIt" */;
			buildPhases = (
				A1C4FC421A68FF03009A9502 /* Sources */,
				A1C4FC431A68FF03009A9502 /* Frameworks */,
				A1C4FC441A68FF03009A9502 /* Resources */,
			);
			buildRules = (
			);
			dependencies = (
			);
			name = TsskIt;
			productName = TsskIt;
			productReference = A1C4FC461A68FF03009A9502 /* TsskIt.app */;
			productType = "com.apple.product-type.application";
		};
		A1C4FC5A1A68FF03009A9502 /* TsskItTests */ = {
			isa = PBXNativeTarget;
			buildConfigurationList = A1C4FC681A68FF03009A9502 /* Build configuration list for PBXNativeTarget "TsskItTests" */;
			buildPhases = (
				A1C4FC571A68FF03009A9502 /* Sources */,
				A1C4FC581A68FF03009A9502 /* Frameworks */,
				A1C4FC591A68FF03009A9502 /* Resources */,
			);
			buildRules = (
			);
			dependencies = (
				A1C4FC5D1A68FF03009A9502 /* PBXTargetDependency */,
			);
			name = TsskItTests;
			productName = TsskItTests;
			productReference = A1C4FC5B1A68FF03009A9502 /* TsskItTests.xctest */;
			productType = "com.apple.product-type.bundle.unit-test";
		};
/* End PBXNativeTarget section */

/* Begin PBXProject section */
		A1C4FC3E1A68FF02009A9502 /* Project object */ = {
			isa = PBXProject;
			attributes = {
				LastUpgradeCheck = 0610;
				ORGANIZATIONNAME = "inni Accounts";
				TargetAttributes = {
					A1C4FC451A68FF03009A9502 = {
						CreatedOnToolsVersion = 6.1.1;
					};
					A1C4FC5A1A68FF03009A9502 = {
						CreatedOnToolsVersion = 6.1.1;
						TestTargetID = A1C4FC451A68FF03009A9502;
					};
				};
			};
			buildConfigurationList = A1C4FC411A68FF02009A9502 /* Build configuration list for PBXProject "TsskIt" */;
			compatibilityVersion = "Xcode 3.2";
			developmentRegion = English;
			hasScannedForEncodings = 0;
			knownRegions = (
				en,
				Base,
			);
			mainGroup = A1C4FC3D1A68FF02009A9502;
			productRefGroup = A1C4FC471A68FF03009A9502 /* Products */;
			projectDirPath = "";
			projectRoot = "";
			targets = (
				A1C4FC451A68FF03009A9502 /* TsskIt */,
				A1C4FC5A1A68FF03009A9502 /* TsskItTests */,
			);
		};
/* End PBXProject section */

/* Begin PBXResourcesBuildPhase section */
		A1C4FC441A68FF03009A9502 /* Resources */ = {
			isa = PBXResourcesBuildPhase;
			buildActionMask = 2147483647;
			files = (
				A1C4FC511A68FF03009A9502 /* Main.storyboard in Resources */,
				A1C4FC561A68FF03009A9502 /* LaunchScreen.xib in Resources */,
				A1C4FC531A68FF03009A9502 /* Images.xcassets in Resources */,
			);
			runOnlyForDeploymentPostprocessing = 0;
		};
		A1C4FC591A68FF03009A9502 /* Resources */ = {
			isa = PBXResourcesBuildPhase;
			buildActionMask = 2147483647;
			files = (
			);
			runOnlyForDeploymentPostprocessing = 0;
		};
/* End PBXResourcesBuildPhase section */

/* Begin PBXSourcesBuildPhase section */
		A1C4FC421A68FF03009A9502 /* Sources */ = {
			isa = PBXSourcesBuildPhase;
			buildActionMask = 2147483647;
			files = (
				7A4D27E01A6DA5410015FC71 /* TaskDetailViewController.swift in Sources */,
				A1DFCE851A723A2B00AE0A72 /* TaskitModel.xcdatamodeld in Sources */,
				A1C4FC6E1A6E4811009A9502 /* Date.swift in Sources */,
				A1C4FC4E1A68FF03009A9502 /* ViewController.swift in Sources */,
				A1C4FC6C1A6904C4009A9502 /* TaskCell.swift in Sources */,
				A1C4FC4C1A68FF03009A9502 /* AppDelegate.swift in Sources */,
				A1DFCE871A723B5300AE0A72 /* TaskModel.swift in Sources */,
				7A4D27DE1A6DA2440015FC71 /* AddTaskViewController.swift in Sources */,
				A1C54E9E1A9F0D3B0003C995 /* SettingsViewController.swift in Sources */,
			);
			runOnlyForDeploymentPostprocessing = 0;
		};
		A1C4FC571A68FF03009A9502 /* Sources */ = {
			isa = PBXSourcesBuildPhase;
			buildActionMask = 2147483647;
			files = (
				A1C4FC621A68FF03009A9502 /* TsskItTests.swift in Sources */,
			);
			runOnlyForDeploymentPostprocessing = 0;
		};
/* End PBXSourcesBuildPhase section */

/* Begin PBXTargetDependency section */
		A1C4FC5D1A68FF03009A9502 /* PBXTargetDependency */ = {
			isa = PBXTargetDependency;
			target = A1C4FC451A68FF03009A9502 /* TsskIt */;
			targetProxy = A1C4FC5C1A68FF03009A9502 /* PBXContainerItemProxy */;
		};
/* End PBXTargetDependency section */

/* Begin PBXVariantGroup section */
		A1C4FC4F1A68FF03009A9502 /* Main.storyboard */ = {
			isa = PBXVariantGroup;
			children = (
				A1C4FC501A68FF03009A9502 /* Base */,
			);
			name = Main.storyboard;
			sourceTree = "<group>";
		};
		A1C4FC541A68FF03009A9502 /* LaunchScreen.xib */ = {
			isa = PBXVariantGroup;
			children = (
				A1C4FC551A68FF03009A9502 /* Base */,
			);
			name = LaunchScreen.xib;
			sourceTree = "<group>";
		};
/* End PBXVariantGroup section */

/* Begin XCBuildConfiguration section */
		A1C4FC631A68FF03009A9502 /* Debug */ = {
			isa = XCBuildConfiguration;
			buildSettings = {
				ALWAYS_SEARCH_USER_PATHS = NO;
				CLANG_CXX_LANGUAGE_STANDARD = "gnu++0x";
				CLANG_CXX_LIBRARY = "libc++";
				CLANG_ENABLE_MODULES = YES;
				CLANG_ENABLE_OBJC_ARC = YES;
				CLANG_WARN_BOOL_CONVERSION = YES;
				CLANG_WARN_CONSTANT_CONVERSION = YES;
				CLANG_WARN_DIRECT_OBJC_ISA_USAGE = YES_ERROR;
				CLANG_WARN_EMPTY_BODY = YES;
				CLANG_WARN_ENUM_CONVERSION = YES;
				CLANG_WARN_INT_CONVERSION = YES;
				CLANG_WARN_OBJC_ROOT_CLASS = YES_ERROR;
				CLANG_WARN_UNREACHABLE_CODE = YES;
				CLANG_WARN__DUPLICATE_METHOD_MATCH = YES;
				"CODE_SIGN_IDENTITY[sdk=iphoneos*]" = "iPhone Developer";
				COPY_PHASE_STRIP = NO;
				ENABLE_STRICT_OBJC_MSGSEND = YES;
				GCC_C_LANGUAGE_STANDARD = gnu99;
				GCC_DYNAMIC_NO_PIC = NO;
				GCC_OPTIMIZATION_LEVEL = 0;
				GCC_PREPROCESSOR_DEFINITIONS = (
					"DEBUG=1",
					"$(inherited)",
				);
				GCC_SYMBOLS_PRIVATE_EXTERN = NO;
				GCC_WARN_64_TO_32_BIT_CONVERSION = YES;
				GCC_WARN_ABOUT_RETURN_TYPE = YES_ERROR;
				GCC_WARN_UNDECLARED_SELECTOR = YES;
				GCC_WARN_UNINITIALIZED_AUTOS = YES_AGGRESSIVE;
				GCC_WARN_UNUSED_FUNCTION = YES;
				GCC_WARN_UNUSED_VARIABLE = YES;
				IPHONEOS_DEPLOYMENT_TARGET = 8.1;
				MTL_ENABLE_DEBUG_INFO = YES;
				ONLY_ACTIVE_ARCH = YES;
				SDKROOT = iphoneos;
				SWIFT_OPTIMIZATION_LEVEL = "-Onone";
				TARGETED_DEVICE_FAMILY = "1,2";
			};
			name = Debug;
		};
		A1C4FC641A68FF03009A9502 /* Release */ = {
			isa = XCBuildConfiguration;
			buildSettings = {
				ALWAYS_SEARCH_USER_PATHS = NO;
				CLANG_CXX_LANGUAGE_STANDARD = "gnu++0x";
				CLANG_CXX_LIBRARY = "libc++";
				CLANG_ENABLE_MODULES = YES;
				CLANG_ENABLE_OBJC_ARC = YES;
				CLANG_WARN_BOOL_CONVERSION = YES;
				CLANG_WARN_CONSTANT_CONVERSION = YES;
				CLANG_WARN_DIRECT_OBJC_ISA_USAGE = YES_ERROR;
				CLANG_WARN_EMPTY_BODY = YES;
				CLANG_WARN_ENUM_CONVERSION = YES;
				CLANG_WARN_INT_CONVERSION = YES;
				CLANG_WARN_OBJC_ROOT_CLASS = YES_ERROR;
				CLANG_WARN_UNREACHABLE_CODE = YES;
				CLANG_WARN__DUPLICATE_METHOD_MATCH = YES;
				"CODE_SIGN_IDENTITY[sdk=iphoneos*]" = "iPhone Developer";
				COPY_PHASE_STRIP = YES;
				ENABLE_NS_ASSERTIONS = NO;
				ENABLE_STRICT_OBJC_MSGSEND = YES;
				GCC_C_LANGUAGE_STANDARD = gnu99;
				GCC_WARN_64_TO_32_BIT_CONVERSION = YES;
				GCC_WARN_ABOUT_RETURN_TYPE = YES_ERROR;
				GCC_WARN_UNDECLARED_SELECTOR = YES;
				GCC_WARN_UNINITIALIZED_AUTOS = YES_AGGRESSIVE;
				GCC_WARN_UNUSED_FUNCTION = YES;
				GCC_WARN_UNUSED_VARIABLE = YES;
				IPHONEOS_DEPLOYMENT_TARGET = 8.1;
				MTL_ENABLE_DEBUG_INFO = NO;
				SDKROOT = iphoneos;
				TARGETED_DEVICE_FAMILY = "1,2";
				VALIDATE_PRODUCT = YES;
			};
			name = Release;
		};
		A1C4FC661A68FF03009A9502 /* Debug */ = {
			isa = XCBuildConfiguration;
			buildSettings = {
				ASSETCATALOG_COMPILER_APPICON_NAME = AppIcon;
				INFOPLIST_FILE = TsskIt/Info.plist;
				LD_RUNPATH_SEARCH_PATHS = "$(inherited) @executable_path/Frameworks";
				PRODUCT_NAME = "$(TARGET_NAME)";
			};
			name = Debug;
		};
		A1C4FC671A68FF03009A9502 /* Release */ = {
			isa = XCBuildConfiguration;
			buildSettings = {
				ASSETCATALOG_COMPILER_APPICON_NAME = AppIcon;
				INFOPLIST_FILE = TsskIt/Info.plist;
				LD_RUNPATH_SEARCH_PATHS = "$(inherited) @executable_path/Frameworks";
				PRODUCT_NAME = "$(TARGET_NAME)";
			};
			name = Release;
		};
		A1C4FC691A68FF03009A9502 /* Debug */ = {
			isa = XCBuildConfiguration;
			buildSettings = {
				BUNDLE_LOADER = "$(TEST_HOST)";
				FRAMEWORK_SEARCH_PATHS = (
					"$(SDKROOT)/Developer/Library/Frameworks",
					"$(inherited)",
				);
				GCC_PREPROCESSOR_DEFINITIONS = (
					"DEBUG=1",
					"$(inherited)",
				);
				INFOPLIST_FILE = TsskItTests/Info.plist;
				LD_RUNPATH_SEARCH_PATHS = "$(inherited) @executable_path/Frameworks @loader_path/Frameworks";
				PRODUCT_NAME = "$(TARGET_NAME)";
				TEST_HOST = "$(BUILT_PRODUCTS_DIR)/TsskIt.app/TsskIt";
			};
			name = Debug;
		};
		A1C4FC6A1A68FF03009A9502 /* Release */ = {
			isa = XCBuildConfiguration;
			buildSettings = {
				BUNDLE_LOADER = "$(TEST_HOST)";
				FRAMEWORK_SEARCH_PATHS = (
					"$(SDKROOT)/Developer/Library/Frameworks",
					"$(inherited)",
				);
				INFOPLIST_FILE = TsskItTests/Info.plist;
				LD_RUNPATH_SEARCH_PATHS = "$(inherited) @executable_path/Frameworks @loader_path/Frameworks";
				PRODUCT_NAME = "$(TARGET_NAME)";
				TEST_HOST = "$(BUILT_PRODUCTS_DIR)/TsskIt.app/TsskIt";
			};
			name = Release;
		};
/* End XCBuildConfiguration section */

/* Begin XCConfigurationList section */
		A1C4FC411A68FF02009A9502 /* Build configuration list for PBXProject "TsskIt" */ = {
			isa = XCConfigurationList;
			buildConfigurations = (
				A1C4FC631A68FF03009A9502 /* Debug */,
				A1C4FC641A68FF03009A9502 /* Release */,
			);
			defaultConfigurationIsVisible = 0;
			defaultConfigurationName = Release;
		};
		A1C4FC651A68FF03009A9502 /* Build configuration list for PBXNativeTarget "TsskIt" */ = {
			isa = XCConfigurationList;
			buildConfigurations = (
				A1C4FC661A68FF03009A9502 /* Debug */,
				A1C4FC671A68FF03009A9502 /* Release */,
			);
			defaultConfigurationIsVisible = 0;
			defaultConfigurationName = Release;
		};
		A1C4FC681A68FF03009A9502 /* Build configuration list for PBXNativeTarget "TsskItTests" */ = {
			isa = XCConfigurationList;
			buildConfigurations = (
				A1C4FC691A68FF03009A9502 /* Debug */,
				A1C4FC6A1A68FF03009A9502 /* Release */,
			);
			defaultConfigurationIsVisible = 0;
			defaultConfigurationName = Release;
		};
/* End XCConfigurationList section */

/* Begin XCVersionGroup section */
		A1DFCE831A723A2B00AE0A72 /* TaskitModel.xcdatamodeld */ = {
			isa = XCVersionGroup;
			children = (
				A1DFCE841A723A2B00AE0A72 /* TaskitModel.xcdatamodel */,
			);
			currentVersion = A1DFCE841A723A2B00AE0A72 /* TaskitModel.xcdatamodel */;
			path = TaskitModel.xcdatamodeld;
			sourceTree = "<group>";
			versionGroupType = wrapper.xcdatamodel;
		};
/* End XCVersionGroup section */
	};
	rootObject = A1C4FC3E1A68FF02009A9502 /* Project object */;
}
